
Microsoft Visual Studio Solution File, Format Version 12.00
# Visual Studio Version 16
VisualStudioVersion = 16.0.31613.86
MinimumVisualStudioVersion = 10.0.40219.1
Project("{FAE04EC0-301F-11D3-BF4B-00C04F79EFBC}") = "BudgetManagementBackend.API", "BudgetManagementBackend.API\BudgetManagementBackend.API.csproj", "{B53E34FF-E306-491D-9EB3-9CCF70D4DE6C}"
EndProject
Project("{FAE04EC0-301F-11D3-BF4B-00C04F79EFBC}") = "BudgetManagementBackend.Data", "BudgetManagementBackend.Data\BudgetManagementBackend.Data.csproj", "{4409F072-143B-419F-8358-088E56A688E1}"
EndProject
Project("{FAE04EC0-301F-11D3-BF4B-00C04F79EFBC}") = "BudgetManagementBackend.Services", "BudgetManagementBackend.Services\BudgetManagementBackend.Services.csproj", "{1F94E461-EF02-43FE-88EE-5D808D516385}"
EndProject
Global
	GlobalSection(SolutionConfigurationPlatforms) = preSolution
		Debug|Any CPU = Debug|Any CPU
		Release|Any CPU = Release|Any CPU
	EndGlobalSection
	GlobalSection(ProjectConfigurationPlatforms) = postSolution
		{B53E34FF-E306-491D-9EB3-9CCF70D4DE6C}.Debug|Any CPU.ActiveCfg = Debug|Any CPU
		{B53E34FF-E306-491D-9EB3-9CCF70D4DE6C}.Debug|Any CPU.Build.0 = Debug|Any CPU
		{B53E34FF-E306-491D-9EB3-9CCF70D4DE6C}.Release|Any CPU.ActiveCfg = Release|Any CPU
		{B53E34FF-E306-491D-9EB3-9CCF70D4DE6C}.Release|Any CPU.Build.0 = Release|Any CPU
		{4409F072-143B-419F-8358-088E56A688E1}.Debug|Any CPU.ActiveCfg = Debug|Any CPU
		{4409F072-143B-419F-8358-088E56A688E1}.Debug|Any CPU.Build.0 = Debug|Any CPU
		{4409F072-143B-419F-8358-088E56A688E1}.Release|Any CPU.ActiveCfg = Release|Any CPU
		{4409F072-143B-419F-8358-088E56A688E1}.Release|Any CPU.Build.0 = Release|Any CPU
		{1F94E461-EF02-43FE-88EE-5D808D516385}.Debug|Any CPU.ActiveCfg = Debug|Any CPU
		{1F94E461-EF02-43FE-88EE-5D808D516385}.Debug|Any CPU.Build.0 = Debug|Any CPU
		{1F94E461-EF02-43FE-88EE-5D808D516385}.Release|Any CPU.ActiveCfg = Release|Any CPU
		{1F94E461-EF02-43FE-88EE-5D808D516385}.Release|Any CPU.Build.0 = Release|Any CPU
	EndGlobalSection
	GlobalSection(SolutionProperties) = preSolution
		HideSolutionNode = FALSE
	EndGlobalSection
	GlobalSection(ExtensibilityGlobals) = postSolution
		SolutionGuid = {51FA63EA-697C-4B1C-9FC2-FF50A83794B9}
	EndGlobalSection
EndGlobal
